
Microsoft Visual Studio Solution File, Format Version 12.00
# Visual Studio Version 17
VisualStudioVersion = 17.7.34221.43
MinimumVisualStudioVersion = 10.0.40219.1
Project("{9A19103F-16F7-4668-BE54-9A1E7A4F7556}") = "ArrayList1", "ArrayList1\ArrayList1.csproj", "{FC79FD7B-A658-481D-BE97-85D4C35F407B}"
EndProject
Project("{9A19103F-16F7-4668-BE54-9A1E7A4F7556}") = "HashTable1", "HashTable1\HashTable1.csproj", "{6ED6E81D-23BA-41E5-AD07-71AEA1F7C749}"
EndProject
Project("{FAE04EC0-301F-11D3-BF4B-00C04F79EFBC}") = "SortedList1", "SortedList1\SortedList1.csproj", "{198BC52D-72B4-4669-8383-0FBFC6E7E90A}"
EndProject
Project("{FAE04EC0-301F-11D3-BF4B-00C04F79EFBC}") = "Stack1", "Stack1\Stack1.csproj", "{82ACC264-4DEA-4E78-AAE4-074E8A9B5941}"
EndProject
Project("{FAE04EC0-301F-11D3-BF4B-00C04F79EFBC}") = "Queue1", "Queue1\Queue1.csproj", "{04290CE9-98DA-4F9D-9B01-7BD6FE65C559}"
EndProject
Project("{FAE04EC0-301F-11D3-BF4B-00C04F79EFBC}") = "BitArray1", "BitArray1\BitArray1.csproj", "{87F856EE-3E13-4252-AB40-F97F1AAB313E}"
EndProject
Project("{FAE04EC0-301F-11D3-BF4B-00C04F79EFBC}") = "Generic1", "Generic1\Generic1.csproj", "{EF170CE1-978E-4732-9055-1D6E1342BC2C}"
EndProject
Global
	GlobalSection(SolutionConfigurationPlatforms) = preSolution
		Debug|Any CPU = Debug|Any CPU
		Release|Any CPU = Release|Any CPU
	EndGlobalSection
	GlobalSection(ProjectConfigurationPlatforms) = postSolution
		{FC79FD7B-A658-481D-BE97-85D4C35F407B}.Debug|Any CPU.ActiveCfg = Debug|Any CPU
		{FC79FD7B-A658-481D-BE97-85D4C35F407B}.Debug|Any CPU.Build.0 = Debug|Any CPU
		{FC79FD7B-A658-481D-BE97-85D4C35F407B}.Release|Any CPU.ActiveCfg = Release|Any CPU
		{FC79FD7B-A658-481D-BE97-85D4C35F407B}.Release|Any CPU.Build.0 = Release|Any CPU
		{6ED6E81D-23BA-41E5-AD07-71AEA1F7C749}.Debug|Any CPU.ActiveCfg = Debug|Any CPU
		{6ED6E81D-23BA-41E5-AD07-71AEA1F7C749}.Debug|Any CPU.Build.0 = Debug|Any CPU
		{6ED6E81D-23BA-41E5-AD07-71AEA1F7C749}.Release|Any CPU.ActiveCfg = Release|Any CPU
		{6ED6E81D-23BA-41E5-AD07-71AEA1F7C749}.Release|Any CPU.Build.0 = Release|Any CPU
		{198BC52D-72B4-4669-8383-0FBFC6E7E90A}.Debug|Any CPU.ActiveCfg = Debug|Any CPU
		{198BC52D-72B4-4669-8383-0FBFC6E7E90A}.Debug|Any CPU.Build.0 = Debug|Any CPU
		{198BC52D-72B4-4669-8383-0FBFC6E7E90A}.Release|Any CPU.ActiveCfg = Release|Any CPU
		{198BC52D-72B4-4669-8383-0FBFC6E7E90A}.Release|Any CPU.Build.0 = Release|Any CPU
		{82ACC264-4DEA-4E78-AAE4-074E8A9B5941}.Debug|Any CPU.ActiveCfg = Debug|Any CPU
		{82ACC264-4DEA-4E78-AAE4-074E8A9B5941}.Debug|Any CPU.Build.0 = Debug|Any CPU
		{82ACC264-4DEA-4E78-AAE4-074E8A9B5941}.Release|Any CPU.ActiveCfg = Release|Any CPU
		{82ACC264-4DEA-4E78-AAE4-074E8A9B5941}.Release|Any CPU.Build.0 = Release|Any CPU
		{04290CE9-98DA-4F9D-9B01-7BD6FE65C559}.Debug|Any CPU.ActiveCfg = Debug|Any CPU
		{04290CE9-98DA-4F9D-9B01-7BD6FE65C559}.Debug|Any CPU.Build.0 = Debug|Any CPU
		{04290CE9-98DA-4F9D-9B01-7BD6FE65C559}.Release|Any CPU.ActiveCfg = Release|Any CPU
		{04290CE9-98DA-4F9D-9B01-7BD6FE65C559}.Release|Any CPU.Build.0 = Release|Any CPU
		{87F856EE-3E13-4252-AB40-F97F1AAB313E}.Debug|Any CPU.ActiveCfg = Debug|Any CPU
		{87F856EE-3E13-4252-AB40-F97F1AAB313E}.Debug|Any CPU.Build.0 = Debug|Any CPU
		{87F856EE-3E13-4252-AB40-F97F1AAB313E}.Release|Any CPU.ActiveCfg = Release|Any CPU
		{87F856EE-3E13-4252-AB40-F97F1AAB313E}.Release|Any CPU.Build.0 = Release|Any CPU
		{EF170CE1-978E-4732-9055-1D6E1342BC2C}.Debug|Any CPU.ActiveCfg = Debug|Any CPU
		{EF170CE1-978E-4732-9055-1D6E1342BC2C}.Debug|Any CPU.Build.0 = Debug|Any CPU
		{EF170CE1-978E-4732-9055-1D6E1342BC2C}.Release|Any CPU.ActiveCfg = Release|Any CPU
		{EF170CE1-978E-4732-9055-1D6E1342BC2C}.Release|Any CPU.Build.0 = Release|Any CPU
	EndGlobalSection
	GlobalSection(SolutionProperties) = preSolution
		HideSolutionNode = FALSE
	EndGlobalSection
	GlobalSection(ExtensibilityGlobals) = postSolution
		SolutionGuid = {8627942F-4B56-4C0B-8B70-BB9BE010EF29}
	EndGlobalSection
EndGlobal
